
Microsoft Visual Studio Solution File, Format Version 12.00
# Visual Studio 15
VisualStudioVersion = 15.0.28010.2048
MinimumVisualStudioVersion = 10.0.40219.1
Project("{FAE04EC0-301F-11D3-BF4B-00C04F79EFBC}") = "Tangram", "Tangram\Tangram.csproj", "{EC0F125F-F65A-496D-B9DA-4FC20AE7A173}"
EndProject
Global
	GlobalSection(SolutionConfigurationPlatforms) = preSolution
		Debug|Any CPU = Debug|Any CPU
		Release|Any CPU = Release|Any CPU
	EndGlobalSection
	GlobalSection(ProjectConfigurationPlatforms) = postSolution
		{EC0F125F-F65A-496D-B9DA-4FC20AE7A173}.Debug|Any CPU.ActiveCfg = Debug|Any CPU
		{EC0F125F-F65A-496D-B9DA-4FC20AE7A173}.Debug|Any CPU.Build.0 = Debug|Any CPU
		{EC0F125F-F65A-496D-B9DA-4FC20AE7A173}.Release|Any CPU.ActiveCfg = Release|Any CPU
		{EC0F125F-F65A-496D-B9DA-4FC20AE7A173}.Release|Any CPU.Build.0 = Release|Any CPU
	EndGlobalSection
	GlobalSection(SolutionProperties) = preSolution
		HideSolutionNode = FALSE
	EndGlobalSection
	GlobalSection(ExtensibilityGlobals) = postSolution
		SolutionGuid = {F23170FB-883C-4D81-BD1C-CB6427F1754F}
	EndGlobalSection
EndGlobal
